
Microsoft Visual Studio Solution File, Format Version 12.00
# Visual Studio 15
VisualStudioVersion = 15.0.28307.438
MinimumVisualStudioVersion = 10.0.40219.1
Project("{2150E333-8FDC-42A3-9474-1A3956D46DE8}") = "src", "src", "{F8775955-2F54-4502-A8F0-AC11B4A5C17D}"
EndProject
Project("{2150E333-8FDC-42A3-9474-1A3956D46DE8}") = "tests", "tests", "{5D1AA330-9C2B-4F07-85D4-F6275D869C90}"
EndProject
Project("{FAE04EC0-301F-11D3-BF4B-00C04F79EFBC}") = "DotnetCore.Extensions.AzureStorage", "src\DotnetCore.Extensions.AzureStorage\DotnetCore.Extensions.AzureStorage.csproj", "{D3103708-428D-469C-847C-3B52A9898407}"
EndProject
Project("{FAE04EC0-301F-11D3-BF4B-00C04F79EFBC}") = "DotnetCore.Extensions.AzureStorage.Tests", "tests\DotnetCore.Extensions.AzureStorage.Tests\DotnetCore.Extensions.AzureStorage.Tests.csproj", "{691D57EF-EB3E-4055-9117-CF718415E68B}"
EndProject
Global
	GlobalSection(SolutionConfigurationPlatforms) = preSolution
		Debug|Any CPU = Debug|Any CPU
		Release|Any CPU = Release|Any CPU
	EndGlobalSection
	GlobalSection(ProjectConfigurationPlatforms) = postSolution
		{D3103708-428D-469C-847C-3B52A9898407}.Debug|Any CPU.ActiveCfg = Debug|Any CPU
		{D3103708-428D-469C-847C-3B52A9898407}.Debug|Any CPU.Build.0 = Debug|Any CPU
		{D3103708-428D-469C-847C-3B52A9898407}.Release|Any CPU.ActiveCfg = Release|Any CPU
		{D3103708-428D-469C-847C-3B52A9898407}.Release|Any CPU.Build.0 = Release|Any CPU
		{691D57EF-EB3E-4055-9117-CF718415E68B}.Debug|Any CPU.ActiveCfg = Debug|Any CPU
		{691D57EF-EB3E-4055-9117-CF718415E68B}.Debug|Any CPU.Build.0 = Debug|Any CPU
		{691D57EF-EB3E-4055-9117-CF718415E68B}.Release|Any CPU.ActiveCfg = Release|Any CPU
		{691D57EF-EB3E-4055-9117-CF718415E68B}.Release|Any CPU.Build.0 = Release|Any CPU
	EndGlobalSection
	GlobalSection(SolutionProperties) = preSolution
		HideSolutionNode = FALSE
	EndGlobalSection
	GlobalSection(NestedProjects) = preSolution
		{D3103708-428D-469C-847C-3B52A9898407} = {F8775955-2F54-4502-A8F0-AC11B4A5C17D}
		{691D57EF-EB3E-4055-9117-CF718415E68B} = {5D1AA330-9C2B-4F07-85D4-F6275D869C90}
	EndGlobalSection
	GlobalSection(ExtensibilityGlobals) = postSolution
		SolutionGuid = {D2BCADD0-7D62-4792-80FC-95924CFB4E90}
	EndGlobalSection
EndGlobal
